
Microsoft Visual Studio Solution File, Format Version 12.00
# Visual Studio 15
VisualStudioVersion = 15.0.28307.960
MinimumVisualStudioVersion = 10.0.40219.1
Project("{FAE04EC0-301F-11D3-BF4B-00C04F79EFBC}") = "OLS.Casy.App.Android", "OLS.Casy.App.Android\OLS.Casy.App.Android.csproj", "{99EDA8D8-7DB0-49EC-A0C0-0C1E3BC13366}"
EndProject
Project("{FAE04EC0-301F-11D3-BF4B-00C04F79EFBC}") = "OLS.Casy.App.iOS", "OLS.Casy.App.iOS\OLS.Casy.App.iOS.csproj", "{B48A9327-B084-4F17-B63D-5940CC8740BF}"
EndProject
Project("{FAE04EC0-301F-11D3-BF4B-00C04F79EFBC}") = "OLS.Casy.App.UWP", "OLS.Casy.App.UWP\OLS.Casy.App.UWP.csproj", "{3D39CA07-8894-407F-8CA6-CFCA239CAB76}"
EndProject
Project("{FAE04EC0-301F-11D3-BF4B-00C04F79EFBC}") = "OLS.Casy.App", "OLS.Casy.App\OLS.Casy.App.csproj", "{FC971469-7DAA-499E-BF89-5E045226FEB9}"
EndProject
Global
	GlobalSection(SolutionConfigurationPlatforms) = preSolution
		Ad-Hoc|Any CPU = Ad-Hoc|Any CPU
		Ad-Hoc|ARM = Ad-Hoc|ARM
		Ad-Hoc|iPhone = Ad-Hoc|iPhone
		Ad-Hoc|iPhoneSimulator = Ad-Hoc|iPhoneSimulator
		Ad-Hoc|x64 = Ad-Hoc|x64
		Ad-Hoc|x86 = Ad-Hoc|x86
		AppStore|Any CPU = AppStore|Any CPU
		AppStore|ARM = AppStore|ARM
		AppStore|iPhone = AppStore|iPhone
		AppStore|iPhoneSimulator = AppStore|iPhoneSimulator
		AppStore|x64 = AppStore|x64
		AppStore|x86 = AppStore|x86
		Debug|Any CPU = Debug|Any CPU
		Debug|ARM = Debug|ARM
		Debug|iPhone = Debug|iPhone
		Debug|iPhoneSimulator = Debug|iPhoneSimulator
		Debug|x64 = Debug|x64
		Debug|x86 = Debug|x86
		Release|Any CPU = Release|Any CPU
		Release|ARM = Release|ARM
		Release|iPhone = Release|iPhone
		Release|iPhoneSimulator = Release|iPhoneSimulator
		Release|x64 = Release|x64
		Release|x86 = Release|x86
	EndGlobalSection
	GlobalSection(ProjectConfigurationPlatforms) = postSolution
		{99EDA8D8-7DB0-49EC-A0C0-0C1E3BC13366}.Ad-Hoc|Any CPU.ActiveCfg = Release|Any CPU
		{99EDA8D8-7DB0-49EC-A0C0-0C1E3BC13366}.Ad-Hoc|Any CPU.Build.0 = Release|Any CPU
		{99EDA8D8-7DB0-49EC-A0C0-0C1E3BC13366}.Ad-Hoc|Any CPU.Deploy.0 = Release|Any CPU
		{99EDA8D8-7DB0-49EC-A0C0-0C1E3BC13366}.Ad-Hoc|ARM.ActiveCfg = Release|Any CPU
		{99EDA8D8-7DB0-49EC-A0C0-0C1E3BC13366}.Ad-Hoc|ARM.Build.0 = Release|Any CPU
		{99EDA8D8-7DB0-49EC-A0C0-0C1E3BC13366}.Ad-Hoc|ARM.Deploy.0 = Release|Any CPU
		{99EDA8D8-7DB0-49EC-A0C0-0C1E3BC13366}.Ad-Hoc|iPhone.ActiveCfg = Release|Any CPU
		{99EDA8D8-7DB0-49EC-A0C0-0C1E3BC13366}.Ad-Hoc|iPhone.Build.0 = Release|Any CPU
		{99EDA8D8-7DB0-49EC-A0C0-0C1E3BC13366}.Ad-Hoc|iPhone.Deploy.0 = Release|Any CPU
		{99EDA8D8-7DB0-49EC-A0C0-0C1E3BC13366}.Ad-Hoc|iPhoneSimulator.ActiveCfg = Release|Any CPU
		{99EDA8D8-7DB0-49EC-A0C0-0C1E3BC13366}.Ad-Hoc|iPhoneSimulator.Build.0 = Release|Any CPU
		{99EDA8D8-7DB0-49EC-A0C0-0C1E3BC13366}.Ad-Hoc|iPhoneSimulator.Deploy.0 = Release|Any CPU
		{99EDA8D8-7DB0-49EC-A0C0-0C1E3BC13366}.Ad-Hoc|x64.ActiveCfg = Release|Any CPU
		{99EDA8D8-7DB0-49EC-A0C0-0C1E3BC13366}.Ad-Hoc|x64.Build.0 = Release|Any CPU
		{99EDA8D8-7DB0-49EC-A0C0-0C1E3BC13366}.Ad-Hoc|x64.Deploy.0 = Release|Any CPU
		{99EDA8D8-7DB0-49EC-A0C0-0C1E3BC13366}.Ad-Hoc|x86.ActiveCfg = Release|Any CPU
		{99EDA8D8-7DB0-49EC-A0C0-0C1E3BC13366}.Ad-Hoc|x86.Build.0 = Release|Any CPU
		{99EDA8D8-7DB0-49EC-A0C0-0C1E3BC13366}.Ad-Hoc|x86.Deploy.0 = Release|Any CPU
		{99EDA8D8-7DB0-49EC-A0C0-0C1E3BC13366}.AppStore|Any CPU.ActiveCfg = Release|Any CPU
		{99EDA8D8-7DB0-49EC-A0C0-0C1E3BC13366}.AppStore|Any CPU.Build.0 = Release|Any CPU
		{99EDA8D8-7DB0-49EC-A0C0-0C1E3BC13366}.AppStore|Any CPU.Deploy.0 = Release|Any CPU
		{99EDA8D8-7DB0-49EC-A0C0-0C1E3BC13366}.AppStore|ARM.ActiveCfg = Release|Any CPU
		{99EDA8D8-7DB0-49EC-A0C0-0C1E3BC13366}.AppStore|ARM.Build.0 = Release|Any CPU
		{99EDA8D8-7DB0-49EC-A0C0-0C1E3BC13366}.AppStore|ARM.Deploy.0 = Release|Any CPU
		{99EDA8D8-7DB0-49EC-A0C0-0C1E3BC13366}.AppStore|iPhone.ActiveCfg = Release|Any CPU
		{99EDA8D8-7DB0-49EC-A0C0-0C1E3BC13366}.AppStore|iPhone.Build.0 = Release|Any CPU
		{99EDA8D8-7DB0-49EC-A0C0-0C1E3BC13366}.AppStore|iPhone.Deploy.0 = Release|Any CPU
		{99EDA8D8-7DB0-49EC-A0C0-0C1E3BC13366}.AppStore|iPhoneSimulator.ActiveCfg = Release|Any CPU
		{99EDA8D8-7DB0-49EC-A0C0-0C1E3BC13366}.AppStore|iPhoneSimulator.Build.0 = Release|Any CPU
		{99EDA8D8-7DB0-49EC-A0C0-0C1E3BC13366}.AppStore|iPhoneSimulator.Deploy.0 = Release|Any CPU
		{99EDA8D8-7DB0-49EC-A0C0-0C1E3BC13366}.AppStore|x64.ActiveCfg = Release|Any CPU
		{99EDA8D8-7DB0-49EC-A0C0-0C1E3BC13366}.AppStore|x64.Build.0 = Release|Any CPU
		{99EDA8D8-7DB0-49EC-A0C0-0C1E3BC13366}.AppStore|x64.Deploy.0 = Release|Any CPU
		{99EDA8D8-7DB0-49EC-A0C0-0C1E3BC13366}.AppStore|x86.ActiveCfg = Release|Any CPU
		{99EDA8D8-7DB0-49EC-A0C0-0C1E3BC13366}.AppStore|x86.Build.0 = Release|Any CPU
		{99EDA8D8-7DB0-49EC-A0C0-0C1E3BC13366}.AppStore|x86.Deploy.0 = Release|Any CPU
		{99EDA8D8-7DB0-49EC-A0C0-0C1E3BC13366}.Debug|Any CPU.ActiveCfg = Debug|Any CPU
		{99EDA8D8-7DB0-49EC-A0C0-0C1E3BC13366}.Debug|Any CPU.Build.0 = Debug|Any CPU
		{99EDA8D8-7DB0-49EC-A0C0-0C1E3BC13366}.Debug|Any CPU.Deploy.0 = Debug|Any CPU
		{99EDA8D8-7DB0-49EC-A0C0-0C1E3BC13366}.Debug|ARM.ActiveCfg = Debug|Any CPU
		{99EDA8D8-7DB0-49EC-A0C0-0C1E3BC13366}.Debug|ARM.Build.0 = Debug|Any CPU
		{99EDA8D8-7DB0-49EC-A0C0-0C1E3BC13366}.Debug|ARM.Deploy.0 = Debug|Any CPU
		{99EDA8D8-7DB0-49EC-A0C0-0C1E3BC13366}.Debug|iPhone.ActiveCfg = Debug|Any CPU
		{99EDA8D8-7DB0-49EC-A0C0-0C1E3BC13366}.Debug|iPhone.Build.0 = Debug|Any CPU
		{99EDA8D8-7DB0-49EC-A0C0-0C1E3BC13366}.Debug|iPhone.Deploy.0 = Debug|Any CPU
		{99EDA8D8-7DB0-49EC-A0C0-0C1E3BC13366}.Debug|iPhoneSimulator.ActiveCfg = Debug|Any CPU
		{99EDA8D8-7DB0-49EC-A0C0-0C1E3BC13366}.Debug|iPhoneSimulator.Build.0 = Debug|Any CPU
		{99EDA8D8-7DB0-49EC-A0C0-0C1E3BC13366}.Debug|iPhoneSimulator.Deploy.0 = Debug|Any CPU
		{99EDA8D8-7DB0-49EC-A0C0-0C1E3BC13366}.Debug|x64.ActiveCfg = Debug|Any CPU
		{99EDA8D8-7DB0-49EC-A0C0-0C1E3BC13366}.Debug|x64.Build.0 = Debug|Any CPU
		{99EDA8D8-7DB0-49EC-A0C0-0C1E3BC13366}.Debug|x64.Deploy.0 = Debug|Any CPU
		{99EDA8D8-7DB0-49EC-A0C0-0C1E3BC13366}.Debug|x86.ActiveCfg = Debug|Any CPU
		{99EDA8D8-7DB0-49EC-A0C0-0C1E3BC13366}.Debug|x86.Build.0 = Debug|Any CPU
		{99EDA8D8-7DB0-49EC-A0C0-0C1E3BC13366}.Debug|x86.Deploy.0 = Debug|Any CPU
		{99EDA8D8-7DB0-49EC-A0C0-0C1E3BC13366}.Release|Any CPU.ActiveCfg = Release|Any CPU
		{99EDA8D8-7DB0-49EC-A0C0-0C1E3BC13366}.Release|Any CPU.Build.0 = Release|Any CPU
		{99EDA8D8-7DB0-49EC-A0C0-0C1E3BC13366}.Release|Any CPU.Deploy.0 = Release|Any CPU
		{99EDA8D8-7DB0-49EC-A0C0-0C1E3BC13366}.Release|ARM.ActiveCfg = Release|Any CPU
		{99EDA8D8-7DB0-49EC-A0C0-0C1E3BC13366}.Release|ARM.Build.0 = Release|Any CPU
		{99EDA8D8-7DB0-49EC-A0C0-0C1E3BC13366}.Release|ARM.Deploy.0 = Release|Any CPU
		{99EDA8D8-7DB0-49EC-A0C0-0C1E3BC13366}.Release|iPhone.ActiveCfg = Release|Any CPU
		{99EDA8D8-7DB0-49EC-A0C0-0C1E3BC13366}.Release|iPhone.Build.0 = Release|Any CPU
		{99EDA8D8-7DB0-49EC-A0C0-0C1E3BC13366}.Release|iPhone.Deploy.0 = Release|Any CPU
		{99EDA8D8-7DB0-49EC-A0C0-0C1E3BC13366}.Release|iPhoneSimulator.ActiveCfg = Release|Any CPU
		{99EDA8D8-7DB0-49EC-A0C0-0C1E3BC13366}.Release|iPhoneSimulator.Build.0 = Release|Any CPU
		{99EDA8D8-7DB0-49EC-A0C0-0C1E3BC13366}.Release|iPhoneSimulator.Deploy.0 = Release|Any CPU
		{99EDA8D8-7DB0-49EC-A0C0-0C1E3BC13366}.Release|x64.ActiveCfg = Release|Any CPU
		{99EDA8D8-7DB0-49EC-A0C0-0C1E3BC13366}.Release|x64.Build.0 = Release|Any CPU
		{99EDA8D8-7DB0-49EC-A0C0-0C1E3BC13366}.Release|x64.Deploy.0 = Release|Any CPU
		{99EDA8D8-7DB0-49EC-A0C0-0C1E3BC13366}.Release|x86.ActiveCfg = Release|Any CPU
		{99EDA8D8-7DB0-49EC-A0C0-0C1E3BC13366}.Release|x86.Build.0 = Release|Any CPU
		{99EDA8D8-7DB0-49EC-A0C0-0C1E3BC13366}.Release|x86.Deploy.0 = Release|Any CPU
		{B48A9327-B084-4F17-B63D-5940CC8740BF}.Ad-Hoc|Any CPU.ActiveCfg = Ad-Hoc|iPhone
		{B48A9327-B084-4F17-B63D-5940CC8740BF}.Ad-Hoc|Any CPU.Build.0 = Ad-Hoc|iPhone
		{B48A9327-B084-4F17-B63D-5940CC8740BF}.Ad-Hoc|Any CPU.Deploy.0 = Ad-Hoc|iPhone
		{B48A9327-B084-4F17-B63D-5940CC8740BF}.Ad-Hoc|ARM.ActiveCfg = Ad-Hoc|iPhone
		{B48A9327-B084-4F17-B63D-5940CC8740BF}.Ad-Hoc|ARM.Build.0 = Ad-Hoc|iPhone
		{B48A9327-B084-4F17-B63D-5940CC8740BF}.Ad-Hoc|ARM.Deploy.0 = Ad-Hoc|iPhone
		{B48A9327-B084-4F17-B63D-5940CC8740BF}.Ad-Hoc|iPhone.ActiveCfg = Ad-Hoc|iPhone
		{B48A9327-B084-4F17-B63D-5940CC8740BF}.Ad-Hoc|iPhone.Build.0 = Ad-Hoc|iPhone
		{B48A9327-B084-4F17-B63D-5940CC8740BF}.Ad-Hoc|iPhone.Deploy.0 = Ad-Hoc|iPhone
		{B48A9327-B084-4F17-B63D-5940CC8740BF}.Ad-Hoc|iPhoneSimulator.ActiveCfg = Ad-Hoc|iPhoneSimulator
		{B48A9327-B084-4F17-B63D-5940CC8740BF}.Ad-Hoc|iPhoneSimulator.Build.0 = Ad-Hoc|iPhoneSimulator
		{B48A9327-B084-4F17-B63D-5940CC8740BF}.Ad-Hoc|iPhoneSimulator.Deploy.0 = Ad-Hoc|iPhoneSimulator
		{B48A9327-B084-4F17-B63D-5940CC8740BF}.Ad-Hoc|x64.ActiveCfg = Ad-Hoc|iPhone
		{B48A9327-B084-4F17-B63D-5940CC8740BF}.Ad-Hoc|x64.Build.0 = Ad-Hoc|iPhone
		{B48A9327-B084-4F17-B63D-5940CC8740BF}.Ad-Hoc|x64.Deploy.0 = Ad-Hoc|iPhone
		{B48A9327-B084-4F17-B63D-5940CC8740BF}.Ad-Hoc|x86.ActiveCfg = Ad-Hoc|iPhone
		{B48A9327-B084-4F17-B63D-5940CC8740BF}.Ad-Hoc|x86.Build.0 = Ad-Hoc|iPhone
		{B48A9327-B084-4F17-B63D-5940CC8740BF}.Ad-Hoc|x86.Deploy.0 = Ad-Hoc|iPhone
		{B48A9327-B084-4F17-B63D-5940CC8740BF}.AppStore|Any CPU.ActiveCfg = AppStore|iPhone
		{B48A9327-B084-4F17-B63D-5940CC8740BF}.AppStore|Any CPU.Build.0 = AppStore|iPhone
		{B48A9327-B084-4F17-B63D-5940CC8740BF}.AppStore|Any CPU.Deploy.0 = AppStore|iPhone
		{B48A9327-B084-4F17-B63D-5940CC8740BF}.AppStore|ARM.ActiveCfg = AppStore|iPhone
		{B48A9327-B084-4F17-B63D-5940CC8740BF}.AppStore|ARM.Build.0 = AppStore|iPhone
		{B48A9327-B084-4F17-B63D-5940CC8740BF}.AppStore|ARM.Deploy.0 = AppStore|iPhone
		{B48A9327-B084-4F17-B63D-5940CC8740BF}.AppStore|iPhone.ActiveCfg = AppStore|iPhone
		{B48A9327-B084-4F17-B63D-5940CC8740BF}.AppStore|iPhone.Build.0 = AppStore|iPhone
		{B48A9327-B084-4F17-B63D-5940CC8740BF}.AppStore|iPhone.Deploy.0 = AppStore|iPhone
		{B48A9327-B084-4F17-B63D-5940CC8740BF}.AppStore|iPhoneSimulator.ActiveCfg = AppStore|iPhoneSimulator
		{B48A9327-B084-4F17-B63D-5940CC8740BF}.AppStore|iPhoneSimulator.Build.0 = AppStore|iPhoneSimulator
		{B48A9327-B084-4F17-B63D-5940CC8740BF}.AppStore|iPhoneSimulator.Deploy.0 = AppStore|iPhoneSimulator
		{B48A9327-B084-4F17-B63D-5940CC8740BF}.AppStore|x64.ActiveCfg = AppStore|iPhone
		{B48A9327-B084-4F17-B63D-5940CC8740BF}.AppStore|x64.Build.0 = AppStore|iPhone
		{B48A9327-B084-4F17-B63D-5940CC8740BF}.AppStore|x64.Deploy.0 = AppStore|iPhone
		{B48A9327-B084-4F17-B63D-5940CC8740BF}.AppStore|x86.ActiveCfg = AppStore|iPhone
		{B48A9327-B084-4F17-B63D-5940CC8740BF}.AppStore|x86.Build.0 = AppStore|iPhone
		{B48A9327-B084-4F17-B63D-5940CC8740BF}.AppStore|x86.Deploy.0 = AppStore|iPhone
		{B48A9327-B084-4F17-B63D-5940CC8740BF}.Debug|Any CPU.ActiveCfg = Debug|iPhoneSimulator
		{B48A9327-B084-4F17-B63D-5940CC8740BF}.Debug|Any CPU.Build.0 = Debug|iPhoneSimulator
		{B48A9327-B084-4F17-B63D-5940CC8740BF}.Debug|Any CPU.Deploy.0 = Debug|iPhoneSimulator
		{B48A9327-B084-4F17-B63D-5940CC8740BF}.Debug|ARM.ActiveCfg = Debug|iPhone
		{B48A9327-B084-4F17-B63D-5940CC8740BF}.Debug|ARM.Build.0 = Debug|iPhone
		{B48A9327-B084-4F17-B63D-5940CC8740BF}.Debug|ARM.Deploy.0 = Debug|iPhone
		{B48A9327-B084-4F17-B63D-5940CC8740BF}.Debug|iPhone.ActiveCfg = Debug|iPhone
		{B48A9327-B084-4F17-B63D-5940CC8740BF}.Debug|iPhone.Build.0 = Debug|iPhone
		{B48A9327-B084-4F17-B63D-5940CC8740BF}.Debug|iPhone.Deploy.0 = Debug|iPhone
		{B48A9327-B084-4F17-B63D-5940CC8740BF}.Debug|iPhoneSimulator.ActiveCfg = Debug|iPhoneSimulator
		{B48A9327-B084-4F17-B63D-5940CC8740BF}.Debug|iPhoneSimulator.Build.0 = Debug|iPhoneSimulator
		{B48A9327-B084-4F17-B63D-5940CC8740BF}.Debug|iPhoneSimulator.Deploy.0 = Debug|iPhoneSimulator
		{B48A9327-B084-4F17-B63D-5940CC8740BF}.Debug|x64.ActiveCfg = Debug|iPhone
		{B48A9327-B084-4F17-B63D-5940CC8740BF}.Debug|x64.Build.0 = Debug|iPhone
		{B48A9327-B084-4F17-B63D-5940CC8740BF}.Debug|x64.Deploy.0 = Debug|iPhone
		{B48A9327-B084-4F17-B63D-5940CC8740BF}.Debug|x86.ActiveCfg = Debug|iPhone
		{B48A9327-B084-4F17-B63D-5940CC8740BF}.Debug|x86.Build.0 = Debug|iPhone
		{B48A9327-B084-4F17-B63D-5940CC8740BF}.Debug|x86.Deploy.0 = Debug|iPhone
		{B48A9327-B084-4F17-B63D-5940CC8740BF}.Release|Any CPU.ActiveCfg = Release|iPhone
		{B48A9327-B084-4F17-B63D-5940CC8740BF}.Release|Any CPU.Build.0 = Release|iPhone
		{B48A9327-B084-4F17-B63D-5940CC8740BF}.Release|Any CPU.Deploy.0 = Release|iPhone
		{B48A9327-B084-4F17-B63D-5940CC8740BF}.Release|ARM.ActiveCfg = Release|iPhone
		{B48A9327-B084-4F17-B63D-5940CC8740BF}.Release|ARM.Build.0 = Release|iPhone
		{B48A9327-B084-4F17-B63D-5940CC8740BF}.Release|ARM.Deploy.0 = Release|iPhone
		{B48A9327-B084-4F17-B63D-5940CC8740BF}.Release|iPhone.ActiveCfg = Release|iPhone
		{B48A9327-B084-4F17-B63D-5940CC8740BF}.Release|iPhone.Build.0 = Release|iPhone
		{B48A9327-B084-4F17-B63D-5940CC8740BF}.Release|iPhone.Deploy.0 = Release|iPhone
		{B48A9327-B084-4F17-B63D-5940CC8740BF}.Release|iPhoneSimulator.ActiveCfg = Release|iPhoneSimulator
		{B48A9327-B084-4F17-B63D-5940CC8740BF}.Release|iPhoneSimulator.Build.0 = Release|iPhoneSimulator
		{B48A9327-B084-4F17-B63D-5940CC8740BF}.Release|iPhoneSimulator.Deploy.0 = Release|iPhoneSimulator
		{B48A9327-B084-4F17-B63D-5940CC8740BF}.Release|x64.ActiveCfg = Release|iPhone
		{B48A9327-B084-4F17-B63D-5940CC8740BF}.Release|x64.Build.0 = Release|iPhone
		{B48A9327-B084-4F17-B63D-5940CC8740BF}.Release|x64.Deploy.0 = Release|iPhone
		{B48A9327-B084-4F17-B63D-5940CC8740BF}.Release|x86.ActiveCfg = Release|iPhone
		{B48A9327-B084-4F17-B63D-5940CC8740BF}.Release|x86.Build.0 = Release|iPhone
		{B48A9327-B084-4F17-B63D-5940CC8740BF}.Release|x86.Deploy.0 = Release|iPhone
		{3D39CA07-8894-407F-8CA6-CFCA239CAB76}.Ad-Hoc|Any CPU.ActiveCfg = Release|x86
		{3D39CA07-8894-407F-8CA6-CFCA239CAB76}.Ad-Hoc|Any CPU.Build.0 = Release|x86
		{3D39CA07-8894-407F-8CA6-CFCA239CAB76}.Ad-Hoc|Any CPU.Deploy.0 = Release|x86
		{3D39CA07-8894-407F-8CA6-CFCA239CAB76}.Ad-Hoc|ARM.ActiveCfg = Release|ARM
		{3D39CA07-8894-407F-8CA6-CFCA239CAB76}.Ad-Hoc|ARM.Build.0 = Release|ARM
		{3D39CA07-8894-407F-8CA6-CFCA239CAB76}.Ad-Hoc|ARM.Deploy.0 = Release|ARM
		{3D39CA07-8894-407F-8CA6-CFCA239CAB76}.Ad-Hoc|iPhone.ActiveCfg = Release|x86
		{3D39CA07-8894-407F-8CA6-CFCA239CAB76}.Ad-Hoc|iPhone.Build.0 = Release|x86
		{3D39CA07-8894-407F-8CA6-CFCA239CAB76}.Ad-Hoc|iPhone.Deploy.0 = Release|x86
		{3D39CA07-8894-407F-8CA6-CFCA239CAB76}.Ad-Hoc|iPhoneSimulator.ActiveCfg = Release|x86
		{3D39CA07-8894-407F-8CA6-CFCA239CAB76}.Ad-Hoc|iPhoneSimulator.Build.0 = Release|x86
		{3D39CA07-8894-407F-8CA6-CFCA239CAB76}.Ad-Hoc|iPhoneSimulator.Deploy.0 = Release|x86
		{3D39CA07-8894-407F-8CA6-CFCA239CAB76}.Ad-Hoc|x64.ActiveCfg = Release|x64
		{3D39CA07-8894-407F-8CA6-CFCA239CAB76}.Ad-Hoc|x64.Build.0 = Release|x64
		{3D39CA07-8894-407F-8CA6-CFCA239CAB76}.Ad-Hoc|x64.Deploy.0 = Release|x64
		{3D39CA07-8894-407F-8CA6-CFCA239CAB76}.Ad-Hoc|x86.ActiveCfg = Release|x86
		{3D39CA07-8894-407F-8CA6-CFCA239CAB76}.Ad-Hoc|x86.Build.0 = Release|x86
		{3D39CA07-8894-407F-8CA6-CFCA239CAB76}.Ad-Hoc|x86.Deploy.0 = Release|x86
		{3D39CA07-8894-407F-8CA6-CFCA239CAB76}.AppStore|Any CPU.ActiveCfg = Release|x86
		{3D39CA07-8894-407F-8CA6-CFCA239CAB76}.AppStore|Any CPU.Build.0 = Release|x86
		{3D39CA07-8894-407F-8CA6-CFCA239CAB76}.AppStore|Any CPU.Deploy.0 = Release|x86
		{3D39CA07-8894-407F-8CA6-CFCA239CAB76}.AppStore|ARM.ActiveCfg = Release|ARM
		{3D39CA07-8894-407F-8CA6-CFCA239CAB76}.AppStore|ARM.Build.0 = Release|ARM
		{3D39CA07-8894-407F-8CA6-CFCA239CAB76}.AppStore|ARM.Deploy.0 = Release|ARM
		{3D39CA07-8894-407F-8CA6-CFCA239CAB76}.AppStore|iPhone.ActiveCfg = Release|x86
		{3D39CA07-8894-407F-8CA6-CFCA239CAB76}.AppStore|iPhone.Build.0 = Release|x86
		{3D39CA07-8894-407F-8CA6-CFCA239CAB76}.AppStore|iPhone.Deploy.0 = Release|x86
		{3D39CA07-8894-407F-8CA6-CFCA239CAB76}.AppStore|iPhoneSimulator.ActiveCfg = Release|x86
		{3D39CA07-8894-407F-8CA6-CFCA239CAB76}.AppStore|iPhoneSimulator.Build.0 = Release|x86
		{3D39CA07-8894-407F-8CA6-CFCA239CAB76}.AppStore|iPhoneSimulator.Deploy.0 = Release|x86
		{3D39CA07-8894-407F-8CA6-CFCA239CAB76}.AppStore|x64.ActiveCfg = Release|x64
		{3D39CA07-8894-407F-8CA6-CFCA239CAB76}.AppStore|x64.Build.0 = Release|x64
		{3D39CA07-8894-407F-8CA6-CFCA239CAB76}.AppStore|x64.Deploy.0 = Release|x64
		{3D39CA07-8894-407F-8CA6-CFCA239CAB76}.AppStore|x86.ActiveCfg = Release|x86
		{3D39CA07-8894-407F-8CA6-CFCA239CAB76}.AppStore|x86.Build.0 = Release|x86
		{3D39CA07-8894-407F-8CA6-CFCA239CAB76}.AppStore|x86.Deploy.0 = Release|x86
		{3D39CA07-8894-407F-8CA6-CFCA239CAB76}.Debug|Any CPU.ActiveCfg = Debug|x86
		{3D39CA07-8894-407F-8CA6-CFCA239CAB76}.Debug|Any CPU.Build.0 = Debug|x86
		{3D39CA07-8894-407F-8CA6-CFCA239CAB76}.Debug|Any CPU.Deploy.0 = Debug|x86
		{3D39CA07-8894-407F-8CA6-CFCA239CAB76}.Debug|ARM.ActiveCfg = Debug|ARM
		{3D39CA07-8894-407F-8CA6-CFCA239CAB76}.Debug|ARM.Build.0 = Debug|ARM
		{3D39CA07-8894-407F-8CA6-CFCA239CAB76}.Debug|ARM.Deploy.0 = Debug|ARM
		{3D39CA07-8894-407F-8CA6-CFCA239CAB76}.Debug|iPhone.ActiveCfg = Debug|x86
		{3D39CA07-8894-407F-8CA6-CFCA239CAB76}.Debug|iPhone.Build.0 = Debug|x86
		{3D39CA07-8894-407F-8CA6-CFCA239CAB76}.Debug|iPhone.Deploy.0 = Debug|x86
		{3D39CA07-8894-407F-8CA6-CFCA239CAB76}.Debug|iPhoneSimulator.ActiveCfg = Debug|x86
		{3D39CA07-8894-407F-8CA6-CFCA239CAB76}.Debug|iPhoneSimulator.Build.0 = Debug|x86
		{3D39CA07-8894-407F-8CA6-CFCA239CAB76}.Debug|iPhoneSimulator.Deploy.0 = Debug|x86
		{3D39CA07-8894-407F-8CA6-CFCA239CAB76}.Debug|x64.ActiveCfg = Debug|x64
		{3D39CA07-8894-407F-8CA6-CFCA239CAB76}.Debug|x64.Build.0 = Debug|x64
		{3D39CA07-8894-407F-8CA6-CFCA239CAB76}.Debug|x64.Deploy.0 = Debug|x64
		{3D39CA07-8894-407F-8CA6-CFCA239CAB76}.Debug|x86.ActiveCfg = Debug|x86
		{3D39CA07-8894-407F-8CA6-CFCA239CAB76}.Debug|x86.Build.0 = Debug|x86
		{3D39CA07-8894-407F-8CA6-CFCA239CAB76}.Debug|x86.Deploy.0 = Debug|x86
		{3D39CA07-8894-407F-8CA6-CFCA239CAB76}.Release|Any CPU.ActiveCfg = Release|x86
		{3D39CA07-8894-407F-8CA6-CFCA239CAB76}.Release|Any CPU.Build.0 = Release|x86
		{3D39CA07-8894-407F-8CA6-CFCA239CAB76}.Release|Any CPU.Deploy.0 = Release|x86
		{3D39CA07-8894-407F-8CA6-CFCA239CAB76}.Release|ARM.ActiveCfg = Release|ARM
		{3D39CA07-8894-407F-8CA6-CFCA239CAB76}.Release|ARM.Build.0 = Release|ARM
		{3D39CA07-8894-407F-8CA6-CFCA239CAB76}.Release|ARM.Deploy.0 = Release|ARM
		{3D39CA07-8894-407F-8CA6-CFCA239CAB76}.Release|iPhone.ActiveCfg = Release|x86
		{3D39CA07-8894-407F-8CA6-CFCA239CAB76}.Release|iPhone.Build.0 = Release|x86
		{3D39CA07-8894-407F-8CA6-CFCA239CAB76}.Release|iPhone.Deploy.0 = Release|x86
		{3D39CA07-8894-407F-8CA6-CFCA239CAB76}.Release|iPhoneSimulator.ActiveCfg = Release|x86
		{3D39CA07-8894-407F-8CA6-CFCA239CAB76}.Release|iPhoneSimulator.Build.0 = Release|x86
		{3D39CA07-8894-407F-8CA6-CFCA239CAB76}.Release|iPhoneSimulator.Deploy.0 = Release|x86
		{3D39CA07-8894-407F-8CA6-CFCA239CAB76}.Release|x64.ActiveCfg = Release|x64
		{3D39CA07-8894-407F-8CA6-CFCA239CAB76}.Release|x64.Build.0 = Release|x64
		{3D39CA07-8894-407F-8CA6-CFCA239CAB76}.Release|x64.Deploy.0 = Release|x64
		{3D39CA07-8894-407F-8CA6-CFCA239CAB76}.Release|x86.ActiveCfg = Release|x86
		{3D39CA07-8894-407F-8CA6-CFCA239CAB76}.Release|x86.Build.0 = Release|x86
		{3D39CA07-8894-407F-8CA6-CFCA239CAB76}.Release|x86.Deploy.0 = Release|x86
		{FC971469-7DAA-499E-BF89-5E045226FEB9}.Ad-Hoc|Any CPU.ActiveCfg = Debug|Any CPU
		{FC971469-7DAA-499E-BF89-5E045226FEB9}.Ad-Hoc|Any CPU.Build.0 = Debug|Any CPU
		{FC971469-7DAA-499E-BF89-5E045226FEB9}.Ad-Hoc|Any CPU.Deploy.0 = Debug|Any CPU
		{FC971469-7DAA-499E-BF89-5E045226FEB9}.Ad-Hoc|ARM.ActiveCfg = Debug|Any CPU
		{FC971469-7DAA-499E-BF89-5E045226FEB9}.Ad-Hoc|ARM.Build.0 = Debug|Any CPU
		{FC971469-7DAA-499E-BF89-5E045226FEB9}.Ad-Hoc|ARM.Deploy.0 = Debug|Any CPU
		{FC971469-7DAA-499E-BF89-5E045226FEB9}.Ad-Hoc|iPhone.ActiveCfg = Debug|Any CPU
		{FC971469-7DAA-499E-BF89-5E045226FEB9}.Ad-Hoc|iPhone.Build.0 = Debug|Any CPU
		{FC971469-7DAA-499E-BF89-5E045226FEB9}.Ad-Hoc|iPhone.Deploy.0 = Debug|Any CPU
		{FC971469-7DAA-499E-BF89-5E045226FEB9}.Ad-Hoc|iPhoneSimulator.ActiveCfg = Debug|Any CPU
		{FC971469-7DAA-499E-BF89-5E045226FEB9}.Ad-Hoc|iPhoneSimulator.Build.0 = Debug|Any CPU
		{FC971469-7DAA-499E-BF89-5E045226FEB9}.Ad-Hoc|iPhoneSimulator.Deploy.0 = Debug|Any CPU
		{FC971469-7DAA-499E-BF89-5E045226FEB9}.Ad-Hoc|x64.ActiveCfg = Debug|Any CPU
		{FC971469-7DAA-499E-BF89-5E045226FEB9}.Ad-Hoc|x64.Build.0 = Debug|Any CPU
		{FC971469-7DAA-499E-BF89-5E045226FEB9}.Ad-Hoc|x64.Deploy.0 = Debug|Any CPU
		{FC971469-7DAA-499E-BF89-5E045226FEB9}.Ad-Hoc|x86.ActiveCfg = Debug|Any CPU
		{FC971469-7DAA-499E-BF89-5E045226FEB9}.Ad-Hoc|x86.Build.0 = Debug|Any CPU
		{FC971469-7DAA-499E-BF89-5E045226FEB9}.Ad-Hoc|x86.Deploy.0 = Debug|Any CPU
		{FC971469-7DAA-499E-BF89-5E045226FEB9}.AppStore|Any CPU.ActiveCfg = Debug|Any CPU
		{FC971469-7DAA-499E-BF89-5E045226FEB9}.AppStore|Any CPU.Build.0 = Debug|Any CPU
		{FC971469-7DAA-499E-BF89-5E045226FEB9}.AppStore|Any CPU.Deploy.0 = Debug|Any CPU
		{FC971469-7DAA-499E-BF89-5E045226FEB9}.AppStore|ARM.ActiveCfg = Debug|Any CPU
		{FC971469-7DAA-499E-BF89-5E045226FEB9}.AppStore|ARM.Build.0 = Debug|Any CPU
		{FC971469-7DAA-499E-BF89-5E045226FEB9}.AppStore|ARM.Deploy.0 = Debug|Any CPU
		{FC971469-7DAA-499E-BF89-5E045226FEB9}.AppStore|iPhone.ActiveCfg = Debug|Any CPU
		{FC971469-7DAA-499E-BF89-5E045226FEB9}.AppStore|iPhone.Build.0 = Debug|Any CPU
		{FC971469-7DAA-499E-BF89-5E045226FEB9}.AppStore|iPhone.Deploy.0 = Debug|Any CPU
		{FC971469-7DAA-499E-BF89-5E045226FEB9}.AppStore|iPhoneSimulator.ActiveCfg = Debug|Any CPU
		{FC971469-7DAA-499E-BF89-5E045226FEB9}.AppStore|iPhoneSimulator.Build.0 = Debug|Any CPU
		{FC971469-7DAA-499E-BF89-5E045226FEB9}.AppStore|iPhoneSimulator.Deploy.0 = Debug|Any CPU
		{FC971469-7DAA-499E-BF89-5E045226FEB9}.AppStore|x64.ActiveCfg = Debug|Any CPU
		{FC971469-7DAA-499E-BF89-5E045226FEB9}.AppStore|x64.Build.0 = Debug|Any CPU
		{FC971469-7DAA-499E-BF89-5E045226FEB9}.AppStore|x64.Deploy.0 = Debug|Any CPU
		{FC971469-7DAA-499E-BF89-5E045226FEB9}.AppStore|x86.ActiveCfg = Debug|Any CPU
		{FC971469-7DAA-499E-BF89-5E045226FEB9}.AppStore|x86.Build.0 = Debug|Any CPU
		{FC971469-7DAA-499E-BF89-5E045226FEB9}.AppStore|x86.Deploy.0 = Debug|Any CPU
		{FC971469-7DAA-499E-BF89-5E045226FEB9}.Debug|Any CPU.ActiveCfg = Debug|Any CPU
		{FC971469-7DAA-499E-BF89-5E045226FEB9}.Debug|Any CPU.Build.0 = Debug|Any CPU
		{FC971469-7DAA-499E-BF89-5E045226FEB9}.Debug|Any CPU.Deploy.0 = Debug|Any CPU
		{FC971469-7DAA-499E-BF89-5E045226FEB9}.Debug|ARM.ActiveCfg = Debug|Any CPU
		{FC971469-7DAA-499E-BF89-5E045226FEB9}.Debug|ARM.Build.0 = Debug|Any CPU
		{FC971469-7DAA-499E-BF89-5E045226FEB9}.Debug|ARM.Deploy.0 = Debug|Any CPU
		{FC971469-7DAA-499E-BF89-5E045226FEB9}.Debug|iPhone.ActiveCfg = Debug|Any CPU
		{FC971469-7DAA-499E-BF89-5E045226FEB9}.Debug|iPhone.Build.0 = Debug|Any CPU
		{FC971469-7DAA-499E-BF89-5E045226FEB9}.Debug|iPhone.Deploy.0 = Debug|Any CPU
		{FC971469-7DAA-499E-BF89-5E045226FEB9}.Debug|iPhoneSimulator.ActiveCfg = Debug|Any CPU
		{FC971469-7DAA-499E-BF89-5E045226FEB9}.Debug|iPhoneSimulator.Build.0 = Debug|Any CPU
		{FC971469-7DAA-499E-BF89-5E045226FEB9}.Debug|iPhoneSimulator.Deploy.0 = Debug|Any CPU
		{FC971469-7DAA-499E-BF89-5E045226FEB9}.Debug|x64.ActiveCfg = Debug|Any CPU
		{FC971469-7DAA-499E-BF89-5E045226FEB9}.Debug|x64.Build.0 = Debug|Any CPU
		{FC971469-7DAA-499E-BF89-5E045226FEB9}.Debug|x64.Deploy.0 = Debug|Any CPU
		{FC971469-7DAA-499E-BF89-5E045226FEB9}.Debug|x86.ActiveCfg = Debug|Any CPU
		{FC971469-7DAA-499E-BF89-5E045226FEB9}.Debug|x86.Build.0 = Debug|Any CPU
		{FC971469-7DAA-499E-BF89-5E045226FEB9}.Debug|x86.Deploy.0 = Debug|Any CPU
		{FC971469-7DAA-499E-BF89-5E045226FEB9}.Release|Any CPU.ActiveCfg = Release|Any CPU
		{FC971469-7DAA-499E-BF89-5E045226FEB9}.Release|Any CPU.Build.0 = Release|Any CPU
		{FC971469-7DAA-499E-BF89-5E045226FEB9}.Release|Any CPU.Deploy.0 = Release|Any CPU
		{FC971469-7DAA-499E-BF89-5E045226FEB9}.Release|ARM.ActiveCfg = Release|Any CPU
		{FC971469-7DAA-499E-BF89-5E045226FEB9}.Release|ARM.Build.0 = Release|Any CPU
		{FC971469-7DAA-499E-BF89-5E045226FEB9}.Release|ARM.Deploy.0 = Release|Any CPU
		{FC971469-7DAA-499E-BF89-5E045226FEB9}.Release|iPhone.ActiveCfg = Release|Any CPU
		{FC971469-7DAA-499E-BF89-5E045226FEB9}.Release|iPhone.Build.0 = Release|Any CPU
		{FC971469-7DAA-499E-BF89-5E045226FEB9}.Release|iPhone.Deploy.0 = Release|Any CPU
		{FC971469-7DAA-499E-BF89-5E045226FEB9}.Release|iPhoneSimulator.ActiveCfg = Release|Any CPU
		{FC971469-7DAA-499E-BF89-5E045226FEB9}.Release|iPhoneSimulator.Build.0 = Release|Any CPU
		{FC971469-7DAA-499E-BF89-5E045226FEB9}.Release|iPhoneSimulator.Deploy.0 = Release|Any CPU
		{FC971469-7DAA-499E-BF89-5E045226FEB9}.Release|x64.ActiveCfg = Release|Any CPU
		{FC971469-7DAA-499E-BF89-5E045226FEB9}.Release|x64.Build.0 = Release|Any CPU
		{FC971469-7DAA-499E-BF89-5E045226FEB9}.Release|x64.Deploy.0 = Release|Any CPU
		{FC971469-7DAA-499E-BF89-5E045226FEB9}.Release|x86.ActiveCfg = Release|Any CPU
		{FC971469-7DAA-499E-BF89-5E045226FEB9}.Release|x86.Build.0 = Release|Any CPU
		{FC971469-7DAA-499E-BF89-5E045226FEB9}.Release|x86.Deploy.0 = Release|Any CPU
	EndGlobalSection
	GlobalSection(SolutionProperties) = preSolution
		HideSolutionNode = FALSE
	EndGlobalSection
	GlobalSection(ExtensibilityGlobals) = postSolution
		SolutionGuid = {44B3C20E-0497-4FCC-B70F-DED460676AC3}
	EndGlobalSection
EndGlobal
